// !$*UTF8*$!
{
	archiveVersion = 1;
	classes = {
	};
	objectVersion = 46;
	objects = {

/* Begin PBXBuildFile section */
		404CDBC31A2AEB0C004BBDC4 /* main.m in Sources */ = {isa = PBXBuildFile; fileRef = 404CDBC21A2AEB0C004BBDC4 /* main.m */; };
		404CDBC61A2AEB0C004BBDC4 /* AppDelegate.m in Sources */ = {isa = PBXBuildFile; fileRef = 404CDBC51A2AEB0C004BBDC4 /* AppDelegate.m */; };
		404CDBC91A2AEB0C004BBDC4 /* ViewController.m in Sources */ = {isa = PBXBuildFile; fileRef = 404CDBC81A2AEB0C004BBDC4 /* ViewController.m */; };
		404CDBCC1A2AEB0C004BBDC4 /* Main.storyboard in Resources */ = {isa = PBXBuildFile; fileRef = 404CDBCA1A2AEB0C004BBDC4 /* Main.storyboard */; };
		404CDBCE1A2AEB0C004BBDC4 /* Images.xcassets in Resources */ = {isa = PBXBuildFile; fileRef = 404CDBCD1A2AEB0C004BBDC4 /* Images.xcassets */; };
		404CDBD11A2AEB0C004BBDC4 /* LaunchScreen.xib in Resources */ = {isa = PBXBuildFile; fileRef = 404CDBCF1A2AEB0C004BBDC4 /* LaunchScreen.xib */; };
		404CDBDD1A2AEB0C004BBDC4 /* BDayPresentTests.m in Sources */ = {isa = PBXBuildFile; fileRef = 404CDBDC1A2AEB0C004BBDC4 /* BDayPresentTests.m */; };
/* End PBXBuildFile section */

/* Begin PBXContainerItemProxy section */
		404CDBD71A2AEB0C004BBDC4 /* PBXContainerItemProxy */ = {
			isa = PBXContainerItemProxy;
			containerPortal = 404CDBB51A2AEB0C004BBDC4 /* Project object */;
			proxyType = 1;
			remoteGlobalIDString = 404CDBBC1A2AEB0C004BBDC4;
			remoteInfo = BDayPresent;
		};
/* End PBXContainerItemProxy section */

/* Begin PBXFileReference section */
		404CDBBD1A2AEB0C004BBDC4 /* BDayPresent.app */ = {isa = PBXFileReference; explicitFileType = wrapper.application; includeInIndex = 0; path = BDayPresent.app; sourceTree = BUILT_PRODUCTS_DIR; };
		404CDBC11A2AEB0C004BBDC4 /* Info.plist */ = {isa = PBXFileReference; lastKnownFileType = text.plist.xml; path = Info.plist; sourceTree = "<group>"; };
		404CDBC21A2AEB0C004BBDC4 /* main.m */ = {isa = PBXFileReference; lastKnownFileType = sourcecode.c.objc; path = main.m; sourceTree = "<group>"; };
		404CDBC41A2AEB0C004BBDC4 /* AppDelegate.h */ = {isa = PBXFileReference; lastKnownFileType = sourcecode.c.h; path = AppDelegate.h; sourceTree = "<group>"; };
		404CDBC51A2AEB0C004BBDC4 /* AppDelegate.m */ = {isa = PBXFileReference; lastKnownFileType = sourcecode.c.objc; path = AppDelegate.m; sourceTree = "<group>"; };
		404CDBC71A2AEB0C004BBDC4 /* ViewController.h */ = {isa = PBXFileReference; lastKnownFileType = sourcecode.c.h; path = ViewController.h; sourceTree = "<group>"; };
		404CDBC81A2AEB0C004BBDC4 /* ViewController.m */ = {isa = PBXFileReference; lastKnownFileType = sourcecode.c.objc; path = ViewController.m; sourceTree = "<group>"; };
		404CDBCB1A2AEB0C004BBDC4 /* Base */ = {isa = PBXFileReference; lastKnownFileType = file.storyboard; name = Base; path = Base.lproj/Main.storyboard; sourceTree = "<group>"; };
		404CDBCD1A2AEB0C004BBDC4 /* Images.xcassets */ = {isa = PBXFileReference; lastKnownFileType = folder.assetcatalog; path = Images.xcassets; sourceTree = "<group>"; };
		404CDBD01A2AEB0C004BBDC4 /* Base */ = {isa = PBXFileReference; lastKnownFileType = file.xib; name = Base; path = Base.lproj/LaunchScreen.xib; sourceTree = "<group>"; };
		404CDBD61A2AEB0C004BBDC4 /* BDayPresentTests.xctest */ = {isa = PBXFileReference; explicitFileType = wrapper.cfbundle; includeInIndex = 0; path = BDayPresentTests.xctest; sourceTree = BUILT_PRODUCTS_DIR; };
		404CDBDB1A2AEB0C004BBDC4 /* Info.plist */ = {isa = PBXFileReference; lastKnownFileType = text.plist.xml; path = Info.plist; sourceTree = "<group>"; };
		404CDBDC1A2AEB0C004BBDC4 /* BDayPresentTests.m */ = {isa = PBXFileReference; lastKnownFileType = sourcecode.c.objc; path = BDayPresentTests.m; sourceTree = "<group>"; };
/* End PBXFileReference section */

/* Begin PBXFrameworksBuildPhase section */
		404CDBBA1A2AEB0C004BBDC4 /* Frameworks */ = {
			isa = PBXFrameworksBuildPhase;
			buildActionMask = 2147483647;
			files = (
			);
			runOnlyForDeploymentPostprocessing = 0;
		};
		404CDBD31A2AEB0C004BBDC4 /* Frameworks */ = {
			isa = PBXFrameworksBuildPhase;
			buildActionMask = 2147483647;
			files = (
			);
			runOnlyForDeploymentPostprocessing = 0;
		};
/* End PBXFrameworksBuildPhase section */

/* Begin PBXGroup section */
		404CDBB41A2AEB0C004BBDC4 = {
			isa = PBXGroup;
			children = (
				404CDBBF1A2AEB0C004BBDC4 /* BDayPresent */,
				404CDBD91A2AEB0C004BBDC4 /* BDayPresentTests */,
				404CDBBE1A2AEB0C004BBDC4 /* Products */,
			);
			sourceTree = "<group>";
		};
		404CDBBE1A2AEB0C004BBDC4 /* Products */ = {
			isa = PBXGroup;
			children = (
				404CDBBD1A2AEB0C004BBDC4 /* BDayPresent.app */,
				404CDBD61A2AEB0C004BBDC4 /* BDayPresentTests.xctest */,
			);
			name = Products;
			sourceTree = "<group>";
		};
		404CDBBF1A2AEB0C004BBDC4 /* BDayPresent */ = {
			isa = PBXGroup;
			children = (
				404CDBC41A2AEB0C004BBDC4 /* AppDelegate.h */,
				404CDBC51A2AEB0C004BBDC4 /* AppDelegate.m */,
				404CDBC71A2AEB0C004BBDC4 /* ViewController.h */,
				404CDBC81A2AEB0C004BBDC4 /* ViewController.m */,
				404CDBCA1A2AEB0C004BBDC4 /* Main.storyboard */,
				404CDBCD1A2AEB0C004BBDC4 /* Images.xcassets */,
				404CDBCF1A2AEB0C004BBDC4 /* LaunchScreen.xib */,
				404CDBC01A2AEB0C004BBDC4 /* Supporting Files */,
			);
			path = BDayPresent;
			sourceTree = "<group>";
		};
		404CDBC01A2AEB0C004BBDC4 /* Supporting Files */ = {
			isa = PBXGroup;
			children = (
				404CDBC11A2AEB0C004BBDC4 /* Info.plist */,
				404CDBC21A2AEB0C004BBDC4 /* main.m */,
			);
			name = "Supporting Files";
			sourceTree = "<group>";
		};
		404CDBD91A2AEB0C004BBDC4 /* BDayPresentTests */ = {
			isa = PBXGroup;
			children = (
				404CDBDC1A2AEB0C004BBDC4 /* BDayPresentTests.m */,
				404CDBDA1A2AEB0C004BBDC4 /* Supporting Files */,
			);
			path = BDayPresentTests;
			sourceTree = "<group>";
		};
		404CDBDA1A2AEB0C004BBDC4 /* Supporting Files */ = {
			isa = PBXGroup;
			children = (
				404CDBDB1A2AEB0C004BBDC4 /* Info.plist */,
			);
			name = "Supporting Files";
			sourceTree = "<group>";
		};
/* End PBXGroup section */

/* Begin PBXNativeTarget section */
		404CDBBC1A2AEB0C004BBDC4 /* BDayPresent */ = {
			isa = PBXNativeTarget;
			buildConfigurationList = 404CDBE01A2AEB0C004BBDC4 /* Build configuration list for PBXNativeTarget "BDayPresent" */;
			buildPhases = (
				404CDBB91A2AEB0C004BBDC4 /* Sources */,
				404CDBBA1A2AEB0C004BBDC4 /* Frameworks */,
				404CDBBB1A2AEB0C004BBDC4 /* Resources */,
			);
			buildRules = (
			);
			dependencies = (
			);
			name = BDayPresent;
			productName = BDayPresent;
			productReference = 404CDBBD1A2AEB0C004BBDC4 /* BDayPresent.app */;
			productType = "com.apple.product-type.application";
		};
		404CDBD51A2AEB0C004BBDC4 /* BDayPresentTests */ = {
			isa = PBXNativeTarget;
			buildConfigurationList = 404CDBE31A2AEB0C004BBDC4 /* Build configuration list for PBXNativeTarget "BDayPresentTests" */;
			buildPhases = (
				404CDBD21A2AEB0C004BBDC4 /* Sources */,
				404CDBD31A2AEB0C004BBDC4 /* Frameworks */,
				404CDBD41A2AEB0C004BBDC4 /* Resources */,
			);
			buildRules = (
			);
			dependencies = (
				404CDBD81A2AEB0C004BBDC4 /* PBXTargetDependency */,
			);
			name = BDayPresentTests;
			productName = BDayPresentTests;
			productReference = 404CDBD61A2AEB0C004BBDC4 /* BDayPresentTests.xctest */;
			productType = "com.apple.product-type.bundle.unit-test";
		};
/* End PBXNativeTarget section */

/* Begin PBXProject section */
		404CDBB51A2AEB0C004BBDC4 /* Project object */ = {
			isa = PBXProject;
			attributes = {
				LastUpgradeCheck = 0610;
				ORGANIZATIONNAME = "Bokang Huang";
				TargetAttributes = {
					404CDBBC1A2AEB0C004BBDC4 = {
						CreatedOnToolsVersion = 6.1;
					};
					404CDBD51A2AEB0C004BBDC4 = {
						CreatedOnToolsVersion = 6.1;
						TestTargetID = 404CDBBC1A2AEB0C004BBDC4;
					};
				};
			};
			buildConfigurationList = 404CDBB81A2AEB0C004BBDC4 /* Build configuration list for PBXProject "BDayPresent" */;
			compatibilityVersion = "Xcode 3.2";
			developmentRegion = English;
			hasScannedForEncodings = 0;
			knownRegions = (
				en,
				Base,
			);
			mainGroup = 404CDBB41A2AEB0C004BBDC4;
			productRefGroup = 404CDBBE1A2AEB0C004BBDC4 /* Products */;
			projectDirPath = "";
			projectRoot = "";
			targets = (
				404CDBBC1A2AEB0C004BBDC4 /* BDayPresent */,
				404CDBD51A2AEB0C004BBDC4 /* BDayPresentTests */,
			);
		};
/* End PBXProject section */

/* Begin PBXResourcesBuildPhase section */
		404CDBBB1A2AEB0C004BBDC4 /* Resources */ = {
			isa = PBXResourcesBuildPhase;
			buildActionMask = 2147483647;
			files = (
				404CDBCC1A2AEB0C004BBDC4 /* Main.storyboard in Resources */,
				404CDBD11A2AEB0C004BBDC4 /* LaunchScreen.xib in Resources */,
				404CDBCE1A2AEB0C004BBDC4 /* Images.xcassets in Resources */,
			);
			runOnlyForDeploymentPostprocessing = 0;
		};
		404CDBD41A2AEB0C004BBDC4 /* Resources */ = {
			isa = PBXResourcesBuildPhase;
			buildActionMask = 2147483647;
			files = (
			);
			runOnlyForDeploymentPostprocessing = 0;
		};
/* End PBXResourcesBuildPhase section */

/* Begin PBXSourcesBuildPhase section */
		404CDBB91A2AEB0C004BBDC4 /* Sources */ = {
			isa = PBXSourcesBuildPhase;
			buildActionMask = 2147483647;
			files = (
				404CDBC91A2AEB0C004BBDC4 /* ViewController.m in Sources */,
				404CDBC61A2AEB0C004BBDC4 /* AppDelegate.m in Sources */,
				404CDBC31A2AEB0C004BBDC4 /* main.m in Sources */,
			);
			runOnlyForDeploymentPostprocessing = 0;
		};
		404CDBD21A2AEB0C004BBDC4 /* Sources */ = {
			isa = PBXSourcesBuildPhase;
			buildActionMask = 2147483647;
			files = (
				404CDBDD1A2AEB0C004BBDC4 /* BDayPresentTests.m in Sources */,
			);
			runOnlyForDeploymentPostprocessing = 0;
		};
/* End PBXSourcesBuildPhase section */

/* Begin PBXTargetDependency section */
		404CDBD81A2AEB0C004BBDC4 /* PBXTargetDependency */ = {
			isa = PBXTargetDependency;
			target = 404CDBBC1A2AEB0C004BBDC4 /* BDayPresent */;
			targetProxy = 404CDBD71A2AEB0C004BBDC4 /* PBXContainerItemProxy */;
		};
/* End PBXTargetDependency section */

/* Begin PBXVariantGroup section */
		404CDBCA1A2AEB0C004BBDC4 /* Main.storyboard */ = {
			isa = PBXVariantGroup;
			children = (
				404CDBCB1A2AEB0C004BBDC4 /* Base */,
			);
			name = Main.storyboard;
			sourceTree = "<group>";
		};
		404CDBCF1A2AEB0C004BBDC4 /* LaunchScreen.xib */ = {
			isa = PBXVariantGroup;
			children = (
				404CDBD01A2AEB0C004BBDC4 /* Base */,
			);
			name = LaunchScreen.xib;
			sourceTree = "<group>";
		};
/* End PBXVariantGroup section */

/* Begin XCBuildConfiguration section */
		404CDBDE1A2AEB0C004BBDC4 /* Debug */ = {
			isa = XCBuildConfiguration;
			buildSettings = {
				ALWAYS_SEARCH_USER_PATHS = NO;
				CLANG_CXX_LANGUAGE_STANDARD = "gnu++0x";
				CLANG_CXX_LIBRARY = "libc++";
				CLANG_ENABLE_MODULES = YES;
				CLANG_ENABLE_OBJC_ARC = YES;
				CLANG_WARN_BOOL_CONVERSION = YES;
				CLANG_WARN_CONSTANT_CONVERSION = YES;
				CLANG_WARN_DIRECT_OBJC_ISA_USAGE = YES_ERROR;
				CLANG_WARN_EMPTY_BODY = YES;
				CLANG_WARN_ENUM_CONVERSION = YES;
				CLANG_WARN_INT_CONVERSION = YES;
				CLANG_WARN_OBJC_ROOT_CLASS = YES_ERROR;
				CLANG_WARN_UNREACHABLE_CODE = YES;
				CLANG_WARN__DUPLICATE_METHOD_MATCH = YES;
				"CODE_SIGN_IDENTITY[sdk=iphoneos*]" = "iPhone Developer";
				COPY_PHASE_STRIP = NO;
				ENABLE_STRICT_OBJC_MSGSEND = YES;
				GCC_C_LANGUAGE_STANDARD = gnu99;
				GCC_DYNAMIC_NO_PIC = NO;
				GCC_OPTIMIZATION_LEVEL = 0;
				GCC_PREPROCESSOR_DEFINITIONS = (
					"DEBUG=1",
					"$(inherited)",
				);
				GCC_SYMBOLS_PRIVATE_EXTERN = NO;
				GCC_WARN_64_TO_32_BIT_CONVERSION = YES;
				GCC_WARN_ABOUT_RETURN_TYPE = YES_ERROR;
				GCC_WARN_UNDECLARED_SELECTOR = YES;
				GCC_WARN_UNINITIALIZED_AUTOS = YES_AGGRESSIVE;
				GCC_WARN_UNUSED_FUNCTION = YES;
				GCC_WARN_UNUSED_VARIABLE = YES;
				IPHONEOS_DEPLOYMENT_TARGET = 8.1;
				MTL_ENABLE_DEBUG_INFO = YES;
				ONLY_ACTIVE_ARCH = YES;
				SDKROOT = iphoneos;
			};
			name = Debug;
		};
		404CDBDF1A2AEB0C004BBDC4 /* Release */ = {
			isa = XCBuildConfiguration;
			buildSettings = {
				ALWAYS_SEARCH_USER_PATHS = NO;
				CLANG_CXX_LANGUAGE_STANDARD = "gnu++0x";
				CLANG_CXX_LIBRARY = "libc++";
				CLANG_ENABLE_MODULES = YES;
				CLANG_ENABLE_OBJC_ARC = YES;
				CLANG_WARN_BOOL_CONVERSION = YES;
				CLANG_WARN_CONSTANT_CONVERSION = YES;
				CLANG_WARN_DIRECT_OBJC_ISA_USAGE = YES_ERROR;
				CLANG_WARN_EMPTY_BODY = YES;
				CLANG_WARN_ENUM_CONVERSION = YES;
				CLANG_WARN_INT_CONVERSION = YES;
				CLANG_WARN_OBJC_ROOT_CLASS = YES_ERROR;
				CLANG_WARN_UNREACHABLE_CODE = YES;
				CLANG_WARN__DUPLICATE_METHOD_MATCH = YES;
				"CODE_SIGN_IDENTITY[sdk=iphoneos*]" = "iPhone Developer";
				COPY_PHASE_STRIP = YES;
				ENABLE_NS_ASSERTIONS = NO;
				ENABLE_STRICT_OBJC_MSGSEND = YES;
				GCC_C_LANGUAGE_STANDARD = gnu99;
				GCC_WARN_64_TO_32_BIT_CONVERSION = YES;
				GCC_WARN_ABOUT_RETURN_TYPE = YES_ERROR;
				GCC_WARN_UNDECLARED_SELECTOR = YES;
				GCC_WARN_UNINITIALIZED_AUTOS = YES_AGGRESSIVE;
				GCC_WARN_UNUSED_FUNCTION = YES;
				GCC_WARN_UNUSED_VARIABLE = YES;
				IPHONEOS_DEPLOYMENT_TARGET = 8.1;
				MTL_ENABLE_DEBUG_INFO = NO;
				SDKROOT = iphoneos;
				VALIDATE_PRODUCT = YES;
			};
			name = Release;
		};
		404CDBE11A2AEB0C004BBDC4 /* Debug */ = {
			isa = XCBuildConfiguration;
			buildSettings = {
				ASSETCATALOG_COMPILER_APPICON_NAME = AppIcon;
				INFOPLIST_FILE = BDayPresent/Info.plist;
				LD_RUNPATH_SEARCH_PATHS = "$(inherited) @executable_path/Frameworks";
				PRODUCT_NAME = "$(TARGET_NAME)";
			};
			name = Debug;
		};
		404CDBE21A2AEB0C004BBDC4 /* Release */ = {
			isa = XCBuildConfiguration;
			buildSettings = {
				ASSETCATALOG_COMPILER_APPICON_NAME = AppIcon;
				INFOPLIST_FILE = BDayPresent/Info.plist;
				LD_RUNPATH_SEARCH_PATHS = "$(inherited) @executable_path/Frameworks";
				PRODUCT_NAME = "$(TARGET_NAME)";
			};
			name = Release;
		};
		404CDBE41A2AEB0C004BBDC4 /* Debug */ = {
			isa = XCBuildConfiguration;
			buildSettings = {
				BUNDLE_LOADER = "$(TEST_HOST)";
				FRAMEWORK_SEARCH_PATHS = (
					"$(SDKROOT)/Developer/Library/Frameworks",
					"$(inherited)",
				);
				GCC_PREPROCESSOR_DEFINITIONS = (
					"DEBUG=1",
					"$(inherited)",
				);
				INFOPLIST_FILE = BDayPresentTests/Info.plist;
				LD_RUNPATH_SEARCH_PATHS = "$(inherited) @executable_path/Frameworks @loader_path/Frameworks";
				PRODUCT_NAME = "$(TARGET_NAME)";
				TEST_HOST = "$(BUILT_PRODUCTS_DIR)/BDayPresent.app/BDayPresent";
			};
			name = Debug;
		};
		404CDBE51A2AEB0C004BBDC4 /* Release */ = {
			isa = XCBuildConfiguration;
			buildSettings = {
				BUNDLE_LOADER = "$(TEST_HOST)";
				FRAMEWORK_SEARCH_PATHS = (
					"$(SDKROOT)/Developer/Library/Frameworks",
					"$(inherited)",
				);
				INFOPLIST_FILE = BDayPresentTests/Info.plist;
				LD_RUNPATH_SEARCH_PATHS = "$(inherited) @executable_path/Frameworks @loader_path/Frameworks";
				PRODUCT_NAME = "$(TARGET_NAME)";
				TEST_HOST = "$(BUILT_PRODUCTS_DIR)/BDayPresent.app/BDayPresent";
			};
			name = Release;
		};
/* End XCBuildConfiguration section */

/* Begin XCConfigurationList section */
		404CDBB81A2AEB0C004BBDC4 /* Build configuration list for PBXProject "BDayPresent" */ = {
			isa = XCConfigurationList;
			buildConfigurations = (
				404CDBDE1A2AEB0C004BBDC4 /* Debug */,
				404CDBDF1A2AEB0C004BBDC4 /* Release */,
			);
			defaultConfigurationIsVisible = 0;
			defaultConfigurationName = Release;
		};
		404CDBE01A2AEB0C004BBDC4 /* Build configuration list for PBXNativeTarget "BDayPresent" */ = {
			isa = XCConfigurationList;
			buildConfigurations = (
				404CDBE11A2AEB0C004BBDC4 /* Debug */,
				404CDBE21A2AEB0C004BBDC4 /* Release */,
			);
			defaultConfigurationIsVisible = 0;
		};
		404CDBE31A2AEB0C004BBDC4 /* Build configuration list for PBXNativeTarget "BDayPresentTests" */ = {
			isa = XCConfigurationList;
			buildConfigurations = (
				404CDBE41A2AEB0C004BBDC4 /* Debug */,
				404CDBE51A2AEB0C004BBDC4 /* Release */,
			);
			defaultConfigurationIsVisible = 0;
		};
/* End XCConfigurationList section */
	};
	rootObject = 404CDBB51A2AEB0C004BBDC4 /* Project object */;
}
